
Microsoft Visual Studio Solution File, Format Version 12.00
# Visual Studio 15
VisualStudioVersion = 15.0.26730.12
MinimumVisualStudioVersion = 10.0.40219.1
Project("{FAE04EC0-301F-11D3-BF4B-00C04F79EFBC}") = "FlugelMario", "FlugelMario.csproj", "{261A9D8E-CBD4-4ECE-8041-2DC1B2A9B621}"
EndProject
Global
	GlobalSection(SolutionConfigurationPlatforms) = preSolution
		Debug|x86 = Debug|x86
		Release|x86 = Release|x86
	EndGlobalSection
	GlobalSection(ProjectConfigurationPlatforms) = postSolution
		{261A9D8E-CBD4-4ECE-8041-2DC1B2A9B621}.Debug|x86.ActiveCfg = Debug|x86
		{261A9D8E-CBD4-4ECE-8041-2DC1B2A9B621}.Debug|x86.Build.0 = Debug|x86
		{261A9D8E-CBD4-4ECE-8041-2DC1B2A9B621}.Release|x86.ActiveCfg = Release|x86
		{261A9D8E-CBD4-4ECE-8041-2DC1B2A9B621}.Release|x86.Build.0 = Release|x86
	EndGlobalSection
	GlobalSection(SolutionProperties) = preSolution
		HideSolutionNode = FALSE
	EndGlobalSection
	GlobalSection(ExtensibilityGlobals) = postSolution
		SolutionGuid = {F8101804-4CEE-4822-9CA2-187B543AFAB0}
	EndGlobalSection
EndGlobal
